// !$*UTF8*$!
{
	archiveVersion = 1;
	classes = {
	};
	objectVersion = 56;
	objects = {

/* Begin PBXBuildFile section */
		A47A2F8A5015BD24AD2C29B2 /* AppState.swift in Sources */ = {isa = PBXBuildFile; fileRef = B08CA3795BA8E21B9F14359B /* AppState.swift */; };
		19063F319AA572DBA162A3B2 /* HOADriveByApp.swift in Sources */ = {isa = PBXBuildFile; fileRef = 17D1701E83983282B45F9E8F /* HOADriveByApp.swift */; };
		D59BA1B376D2FAF343AE0A0D /* AppData.swift in Sources */ = {isa = PBXBuildFile; fileRef = 3865FFA28BE7D4FE56481166 /* AppData.swift */; };
		091B9F218F5C196D06A953BD /* Community.swift in Sources */ = {isa = PBXBuildFile; fileRef = A3FDACEA38D0A586955A2F45 /* Community.swift */; };
		1177AB9DDA9D4A0E613A97C0 /* Property.swift in Sources */ = {isa = PBXBuildFile; fileRef = 9DBF1B2E3D866A6BF1212F19 /* Property.swift */; };
		80CEB795E46C3D56FB152E74 /* ViolationCategory.swift in Sources */ = {isa = PBXBuildFile; fileRef = 9B98022712A80D3EDCDE1FF8 /* ViolationCategory.swift */; };
		986421DBD5519F6EF8C20F04 /* ViolationRecord.swift in Sources */ = {isa = PBXBuildFile; fileRef = 2FF2449CCD3DB8F7C9FD4AE5 /* ViolationRecord.swift */; };
		8B987941ED59EA43065951AB /* ViolationStatus.swift in Sources */ = {isa = PBXBuildFile; fileRef = ACE129942E0299E380AC4FD1 /* ViolationStatus.swift */; };
		6C5F23B3C7D02FD6B1F4B19C /* AppStore.swift in Sources */ = {isa = PBXBuildFile; fileRef = 6CD8BE893FF1F98F4D7D2742 /* AppStore.swift */; };
		A59C7B3D356FAC1FBE9A9D1B /* FileManager+Paths.swift in Sources */ = {isa = PBXBuildFile; fileRef = C4D4EB6676531CE1B8FBC5F7 /* FileManager+Paths.swift */; };
		B7C19298294BA3C378F1440A /* LocationService.swift in Sources */ = {isa = PBXBuildFile; fileRef = 04076F63FD075C99EDA5C1BF /* LocationService.swift */; };
		3E919DC2D9A53D603BBE7656 /* PDFReportService.swift in Sources */ = {isa = PBXBuildFile; fileRef = 16A5A5E5053E7DF871A09B33 /* PDFReportService.swift */; };
		F7C6C0C60E4A9F01B8BB3ED3 /* Date+Formatting.swift in Sources */ = {isa = PBXBuildFile; fileRef = 3B2AB5FE3BCAC9957A63ABD7 /* Date+Formatting.swift */; };
		6D0BD5E5542EB31B0E476B25 /* String+CSV.swift in Sources */ = {isa = PBXBuildFile; fileRef = FEEF7D31E2CA4449392E6454 /* String+CSV.swift */; };
		1ABA6FFCB7DAB915C96B9E20 /* NewViolationViewModel.swift in Sources */ = {isa = PBXBuildFile; fileRef = 6A4480A0C6E26A0CDB5E13E9 /* NewViolationViewModel.swift */; };
		85B483C33C1FF6A301D20BF4 /* AddCommunityView.swift in Sources */ = {isa = PBXBuildFile; fileRef = 4975F52F087A967ED6737320 /* AddCommunityView.swift */; };
		DA60CE2E69A85DC03855B332 /* AddPropertyView.swift in Sources */ = {isa = PBXBuildFile; fileRef = 86A1148175A30E7A130689C5 /* AddPropertyView.swift */; };
		0D5B9EB6BBA31EC5E511BE91 /* CSVImportView.swift in Sources */ = {isa = PBXBuildFile; fileRef = F8C7C1932A78C3D640691704 /* CSVImportView.swift */; };
		016FB804EFEEAE1B333DDDF8 /* CommunitiesView.swift in Sources */ = {isa = PBXBuildFile; fileRef = 35914AD0C4C59B5BC1CB3B06 /* CommunitiesView.swift */; };
		1119D21B19E8B9C80A29CBFF /* CommunityDetailView.swift in Sources */ = {isa = PBXBuildFile; fileRef = 7B5BA75AD2B7D75EECD9E7E3 /* CommunityDetailView.swift */; };
		08CCEB8C63807E508BC1F19D /* ImagePicker.swift in Sources */ = {isa = PBXBuildFile; fileRef = 8AEE2F07561FA091151FD09B /* ImagePicker.swift */; };
		A028B794C2139CF368BFD57E /* ShareSheet.swift in Sources */ = {isa = PBXBuildFile; fileRef = 86E20C5304979E8F8EA9DC96 /* ShareSheet.swift */; };
		C94E45FA4EAF945491F82689 /* DashboardView.swift in Sources */ = {isa = PBXBuildFile; fileRef = 94DB17A391C41BB61D25802C /* DashboardView.swift */; };
		B4BFFF863BAD0F513A51DABE /* PropertyDetailView.swift in Sources */ = {isa = PBXBuildFile; fileRef = A5D1DA67C3E10C806D3926D8 /* PropertyDetailView.swift */; };
		59F7DD424C24327FCCFE110B /* RootTabView.swift in Sources */ = {isa = PBXBuildFile; fileRef = 30D8A316BFBEE200350C0DB9 /* RootTabView.swift */; };
		21B83411A85DA14F49F6BDE7 /* NewViolationView.swift in Sources */ = {isa = PBXBuildFile; fileRef = 6C175B1431BE0FD77951AEF5 /* NewViolationView.swift */; };
		0A39D5530274A3FF362D32BD /* ViolationDetailView.swift in Sources */ = {isa = PBXBuildFile; fileRef = 07CC3D848969F8BC639789E3 /* ViolationDetailView.swift */; };
		CBC0BACA7BA0F5179DF0BD67 /* ViolationRowView.swift in Sources */ = {isa = PBXBuildFile; fileRef = 48EBFF8AFC79A3ABC2F6AAB8 /* ViolationRowView.swift */; };
		10583421B5888D4D87C534FE /* Assets.xcassets in Resources */ = {isa = PBXBuildFile; fileRef = 7399B171AA253D1B6CF25E33 /* Assets.xcassets */; };
/* End PBXBuildFile section */

/* Begin PBXFileReference section */
		B08CA3795BA8E21B9F14359B /* AppState.swift */ = {isa = PBXFileReference; lastKnownFileType = sourcecode.swift; path = "AppState.swift"; sourceTree = "<group>"; };
		17D1701E83983282B45F9E8F /* HOADriveByApp.swift */ = {isa = PBXFileReference; lastKnownFileType = sourcecode.swift; path = "HOADriveByApp.swift"; sourceTree = "<group>"; };
		3865FFA28BE7D4FE56481166 /* AppData.swift */ = {isa = PBXFileReference; lastKnownFileType = sourcecode.swift; path = "AppData.swift"; sourceTree = "<group>"; };
		A3FDACEA38D0A586955A2F45 /* Community.swift */ = {isa = PBXFileReference; lastKnownFileType = sourcecode.swift; path = "Community.swift"; sourceTree = "<group>"; };
		9DBF1B2E3D866A6BF1212F19 /* Property.swift */ = {isa = PBXFileReference; lastKnownFileType = sourcecode.swift; path = "Property.swift"; sourceTree = "<group>"; };
		9B98022712A80D3EDCDE1FF8 /* ViolationCategory.swift */ = {isa = PBXFileReference; lastKnownFileType = sourcecode.swift; path = "ViolationCategory.swift"; sourceTree = "<group>"; };
		2FF2449CCD3DB8F7C9FD4AE5 /* ViolationRecord.swift */ = {isa = PBXFileReference; lastKnownFileType = sourcecode.swift; path = "ViolationRecord.swift"; sourceTree = "<group>"; };
		ACE129942E0299E380AC4FD1 /* ViolationStatus.swift */ = {isa = PBXFileReference; lastKnownFileType = sourcecode.swift; path = "ViolationStatus.swift"; sourceTree = "<group>"; };
		6CD8BE893FF1F98F4D7D2742 /* AppStore.swift */ = {isa = PBXFileReference; lastKnownFileType = sourcecode.swift; path = "AppStore.swift"; sourceTree = "<group>"; };
		C4D4EB6676531CE1B8FBC5F7 /* FileManager+Paths.swift */ = {isa = PBXFileReference; lastKnownFileType = sourcecode.swift; path = "FileManager+Paths.swift"; sourceTree = "<group>"; };
		04076F63FD075C99EDA5C1BF /* LocationService.swift */ = {isa = PBXFileReference; lastKnownFileType = sourcecode.swift; path = "LocationService.swift"; sourceTree = "<group>"; };
		16A5A5E5053E7DF871A09B33 /* PDFReportService.swift */ = {isa = PBXFileReference; lastKnownFileType = sourcecode.swift; path = "PDFReportService.swift"; sourceTree = "<group>"; };
		3B2AB5FE3BCAC9957A63ABD7 /* Date+Formatting.swift */ = {isa = PBXFileReference; lastKnownFileType = sourcecode.swift; path = "Date+Formatting.swift"; sourceTree = "<group>"; };
		FEEF7D31E2CA4449392E6454 /* String+CSV.swift */ = {isa = PBXFileReference; lastKnownFileType = sourcecode.swift; path = "String+CSV.swift"; sourceTree = "<group>"; };
		6A4480A0C6E26A0CDB5E13E9 /* NewViolationViewModel.swift */ = {isa = PBXFileReference; lastKnownFileType = sourcecode.swift; path = "NewViolationViewModel.swift"; sourceTree = "<group>"; };
		4975F52F087A967ED6737320 /* AddCommunityView.swift */ = {isa = PBXFileReference; lastKnownFileType = sourcecode.swift; path = "AddCommunityView.swift"; sourceTree = "<group>"; };
		86A1148175A30E7A130689C5 /* AddPropertyView.swift */ = {isa = PBXFileReference; lastKnownFileType = sourcecode.swift; path = "AddPropertyView.swift"; sourceTree = "<group>"; };
		F8C7C1932A78C3D640691704 /* CSVImportView.swift */ = {isa = PBXFileReference; lastKnownFileType = sourcecode.swift; path = "CSVImportView.swift"; sourceTree = "<group>"; };
		35914AD0C4C59B5BC1CB3B06 /* CommunitiesView.swift */ = {isa = PBXFileReference; lastKnownFileType = sourcecode.swift; path = "CommunitiesView.swift"; sourceTree = "<group>"; };
		7B5BA75AD2B7D75EECD9E7E3 /* CommunityDetailView.swift */ = {isa = PBXFileReference; lastKnownFileType = sourcecode.swift; path = "CommunityDetailView.swift"; sourceTree = "<group>"; };
		8AEE2F07561FA091151FD09B /* ImagePicker.swift */ = {isa = PBXFileReference; lastKnownFileType = sourcecode.swift; path = "ImagePicker.swift"; sourceTree = "<group>"; };
		86E20C5304979E8F8EA9DC96 /* ShareSheet.swift */ = {isa = PBXFileReference; lastKnownFileType = sourcecode.swift; path = "ShareSheet.swift"; sourceTree = "<group>"; };
		94DB17A391C41BB61D25802C /* DashboardView.swift */ = {isa = PBXFileReference; lastKnownFileType = sourcecode.swift; path = "DashboardView.swift"; sourceTree = "<group>"; };
		A5D1DA67C3E10C806D3926D8 /* PropertyDetailView.swift */ = {isa = PBXFileReference; lastKnownFileType = sourcecode.swift; path = "PropertyDetailView.swift"; sourceTree = "<group>"; };
		30D8A316BFBEE200350C0DB9 /* RootTabView.swift */ = {isa = PBXFileReference; lastKnownFileType = sourcecode.swift; path = "RootTabView.swift"; sourceTree = "<group>"; };
		6C175B1431BE0FD77951AEF5 /* NewViolationView.swift */ = {isa = PBXFileReference; lastKnownFileType = sourcecode.swift; path = "NewViolationView.swift"; sourceTree = "<group>"; };
		07CC3D848969F8BC639789E3 /* ViolationDetailView.swift */ = {isa = PBXFileReference; lastKnownFileType = sourcecode.swift; path = "ViolationDetailView.swift"; sourceTree = "<group>"; };
		48EBFF8AFC79A3ABC2F6AAB8 /* ViolationRowView.swift */ = {isa = PBXFileReference; lastKnownFileType = sourcecode.swift; path = "ViolationRowView.swift"; sourceTree = "<group>"; };
		7399B171AA253D1B6CF25E33 /* Assets.xcassets */ = {isa = PBXFileReference; lastKnownFileType = folder.assetcatalog; path = "Assets.xcassets"; sourceTree = "<group>"; };
		D9F9BEB5CC66020CE8B1C459 /* Info.plist */ = {isa = PBXFileReference; lastKnownFileType = text.plist.xml; path = "Info.plist"; sourceTree = "<group>"; };
		F5BF48AA40CAD7891EB709FC /* HOADriveBy.app */ = {isa = PBXFileReference; explicitFileType = wrapper.application; includeInIndex = 0; path = HOADriveBy.app; sourceTree = BUILT_PRODUCTS_DIR; };
/* End PBXFileReference section */

/* Begin PBXFrameworksBuildPhase section */
		29B2D46AA747A59804D46E1F /* Frameworks */ = {isa = PBXFrameworksBuildPhase; buildActionMask = 2147483647; files = ( ); runOnlyForDeploymentPostprocessing = 0; };
/* End PBXFrameworksBuildPhase section */

/* Begin PBXGroup section */
		5928955287B8089ED2177128 = {isa = PBXGroup; children = (
			AB8D408CB1881C666AAC0831 /* App */,
			C9E04F99D8E7C9D4D391AEF8 /* Models */,
			9C035E7454E6255EF4EA445C /* Services */,
			32120412CDF92CE44C01AF8D /* Utilities */,
			EE1E649591DBDF61DE2E4396 /* ViewModels */,
			9F58BDF7D4F04F6C4DC3CB6C /* Views */,
			7399B171AA253D1B6CF25E33 /* Assets.xcassets */,
			D9F9BEB5CC66020CE8B1C459 /* Info.plist */,
			175C932161BEBF3B8BB1F58C /* Frameworks */,
			BF7A2D27A78D590BDEF15AF2 /* Products */,
		); sourceTree = "<group>"; };
		BF7A2D27A78D590BDEF15AF2 /* Products */ = {isa = PBXGroup; children = (F5BF48AA40CAD7891EB709FC /* HOADriveBy.app */, ); name = Products; sourceTree = "<group>"; };
		175C932161BEBF3B8BB1F58C /* Frameworks */ = {isa = PBXGroup; children = ( ); name = Frameworks; sourceTree = "<group>"; };
		9F58BDF7D4F04F6C4DC3CB6C /* Views */ = {isa = PBXGroup; children = (
			1A8E55EB084AE68FCBC98A75 /* Communities */,
			2BC3D39182445EE790157B8E /* Properties */,
			1551ED14602CCC751BCA6793 /* Violations */,
			F8A961A65445D96B693D0256 /* Components */,
			94DB17A391C41BB61D25802C /* DashboardView.swift */,
			30D8A316BFBEE200350C0DB9 /* RootTabView.swift */,
		); path = Views; sourceTree = "<group>"; };
		AB8D408CB1881C666AAC0831 /* App */ = {isa = PBXGroup; children = (
			B08CA3795BA8E21B9F14359B /* AppState.swift */,
			17D1701E83983282B45F9E8F /* HOADriveByApp.swift */,
		); path = App; sourceTree = "<group>"; };
		C9E04F99D8E7C9D4D391AEF8 /* Models */ = {isa = PBXGroup; children = (
			3865FFA28BE7D4FE56481166 /* AppData.swift */,
			A3FDACEA38D0A586955A2F45 /* Community.swift */,
			9DBF1B2E3D866A6BF1212F19 /* Property.swift */,
			9B98022712A80D3EDCDE1FF8 /* ViolationCategory.swift */,
			2FF2449CCD3DB8F7C9FD4AE5 /* ViolationRecord.swift */,
			ACE129942E0299E380AC4FD1 /* ViolationStatus.swift */,
		); path = Models; sourceTree = "<group>"; };
		9C035E7454E6255EF4EA445C /* Services */ = {isa = PBXGroup; children = (
			6CD8BE893FF1F98F4D7D2742 /* AppStore.swift */,
			C4D4EB6676531CE1B8FBC5F7 /* FileManager+Paths.swift */,
			04076F63FD075C99EDA5C1BF /* LocationService.swift */,
			16A5A5E5053E7DF871A09B33 /* PDFReportService.swift */,
		); path = Services; sourceTree = "<group>"; };
		32120412CDF92CE44C01AF8D /* Utilities */ = {isa = PBXGroup; children = (
			3B2AB5FE3BCAC9957A63ABD7 /* Date+Formatting.swift */,
			FEEF7D31E2CA4449392E6454 /* String+CSV.swift */,
		); path = Utilities; sourceTree = "<group>"; };
		EE1E649591DBDF61DE2E4396 /* ViewModels */ = {isa = PBXGroup; children = (
			6A4480A0C6E26A0CDB5E13E9 /* NewViolationViewModel.swift */,
		); path = ViewModels; sourceTree = "<group>"; };
		1A8E55EB084AE68FCBC98A75 /* Communities */ = {isa = PBXGroup; children = (
			4975F52F087A967ED6737320 /* AddCommunityView.swift */,
			86A1148175A30E7A130689C5 /* AddPropertyView.swift */,
			F8C7C1932A78C3D640691704 /* CSVImportView.swift */,
			35914AD0C4C59B5BC1CB3B06 /* CommunitiesView.swift */,
			7B5BA75AD2B7D75EECD9E7E3 /* CommunityDetailView.swift */,
		); path = Communities; sourceTree = "<group>"; };
		2BC3D39182445EE790157B8E /* Properties */ = {isa = PBXGroup; children = (
			A5D1DA67C3E10C806D3926D8 /* PropertyDetailView.swift */,
		); path = Properties; sourceTree = "<group>"; };
		1551ED14602CCC751BCA6793 /* Violations */ = {isa = PBXGroup; children = (
			6C175B1431BE0FD77951AEF5 /* NewViolationView.swift */,
			07CC3D848969F8BC639789E3 /* ViolationDetailView.swift */,
			48EBFF8AFC79A3ABC2F6AAB8 /* ViolationRowView.swift */,
		); path = Violations; sourceTree = "<group>"; };
		F8A961A65445D96B693D0256 /* Components */ = {isa = PBXGroup; children = (
			8AEE2F07561FA091151FD09B /* ImagePicker.swift */,
			86E20C5304979E8F8EA9DC96 /* ShareSheet.swift */,
		); path = Components; sourceTree = "<group>"; };
/* End PBXGroup section */

/* Begin PBXNativeTarget section */
		42AEFBAE01D2DFD981F7DA7D /* HOADriveBy */ = {isa = PBXNativeTarget; buildConfigurationList = DC4A6C9F34D975359745942D /* Build configuration list for PBXNativeTarget "HOADriveBy" */; buildPhases = (E7209FB05162B7572F88D05E /* Sources */, 29B2D46AA747A59804D46E1F /* Frameworks */, 66F8606E9F0A136E2228EBCB /* Resources */, ); buildRules = ( ); dependencies = ( ); name = HOADriveBy; productName = HOADriveBy; productReference = F5BF48AA40CAD7891EB709FC /* HOADriveBy.app */; productType = "com.apple.product-type.application"; };
/* End PBXNativeTarget section */

/* Begin PBXProject section */
		46F86FAA6BBF9AC94A7E4595 /* Project object */ = {isa = PBXProject; attributes = {BuildIndependentTargetsInParallel = 1; LastSwiftUpdateCheck = 1600; LastUpgradeCheck = 1600; TargetAttributes = {42AEFBAE01D2DFD981F7DA7D = {CreatedOnToolsVersion = 16.0; }; }; }; buildConfigurationList = BD44C8D3D68438F516D2FB8A /* Build configuration list for PBXProject "HOADriveBy" */; compatibilityVersion = "Xcode 14.0"; developmentRegion = en; hasScannedForEncodings = 0; knownRegions = (en, Base, ); mainGroup = 5928955287B8089ED2177128; productRefGroup = BF7A2D27A78D590BDEF15AF2 /* Products */; projectDirPath = ""; projectRoot = ""; targets = (42AEFBAE01D2DFD981F7DA7D /* HOADriveBy */, ); };
/* End PBXProject section */

/* Begin PBXResourcesBuildPhase section */
		66F8606E9F0A136E2228EBCB /* Resources */ = {isa = PBXResourcesBuildPhase; buildActionMask = 2147483647; files = (
			10583421B5888D4D87C534FE /* Assets.xcassets in Resources */,
		); runOnlyForDeploymentPostprocessing = 0; };
/* End PBXResourcesBuildPhase section */

/* Begin PBXSourcesBuildPhase section */
		E7209FB05162B7572F88D05E /* Sources */ = {isa = PBXSourcesBuildPhase; buildActionMask = 2147483647; files = (
			A47A2F8A5015BD24AD2C29B2 /* AppState.swift in Sources */,
			19063F319AA572DBA162A3B2 /* HOADriveByApp.swift in Sources */,
			D59BA1B376D2FAF343AE0A0D /* AppData.swift in Sources */,
			091B9F218F5C196D06A953BD /* Community.swift in Sources */,
			1177AB9DDA9D4A0E613A97C0 /* Property.swift in Sources */,
			80CEB795E46C3D56FB152E74 /* ViolationCategory.swift in Sources */,
			986421DBD5519F6EF8C20F04 /* ViolationRecord.swift in Sources */,
			8B987941ED59EA43065951AB /* ViolationStatus.swift in Sources */,
			6C5F23B3C7D02FD6B1F4B19C /* AppStore.swift in Sources */,
			A59C7B3D356FAC1FBE9A9D1B /* FileManager+Paths.swift in Sources */,
			B7C19298294BA3C378F1440A /* LocationService.swift in Sources */,
			3E919DC2D9A53D603BBE7656 /* PDFReportService.swift in Sources */,
			F7C6C0C60E4A9F01B8BB3ED3 /* Date+Formatting.swift in Sources */,
			6D0BD5E5542EB31B0E476B25 /* String+CSV.swift in Sources */,
			1ABA6FFCB7DAB915C96B9E20 /* NewViolationViewModel.swift in Sources */,
			85B483C33C1FF6A301D20BF4 /* AddCommunityView.swift in Sources */,
			DA60CE2E69A85DC03855B332 /* AddPropertyView.swift in Sources */,
			0D5B9EB6BBA31EC5E511BE91 /* CSVImportView.swift in Sources */,
			016FB804EFEEAE1B333DDDF8 /* CommunitiesView.swift in Sources */,
			1119D21B19E8B9C80A29CBFF /* CommunityDetailView.swift in Sources */,
			08CCEB8C63807E508BC1F19D /* ImagePicker.swift in Sources */,
			A028B794C2139CF368BFD57E /* ShareSheet.swift in Sources */,
			C94E45FA4EAF945491F82689 /* DashboardView.swift in Sources */,
			B4BFFF863BAD0F513A51DABE /* PropertyDetailView.swift in Sources */,
			59F7DD424C24327FCCFE110B /* RootTabView.swift in Sources */,
			21B83411A85DA14F49F6BDE7 /* NewViolationView.swift in Sources */,
			0A39D5530274A3FF362D32BD /* ViolationDetailView.swift in Sources */,
			CBC0BACA7BA0F5179DF0BD67 /* ViolationRowView.swift in Sources */,
		); runOnlyForDeploymentPostprocessing = 0; };
/* End PBXSourcesBuildPhase section */

/* Begin XCBuildConfiguration section */
		71307F56FE0F050CBFE8BD6D /* Debug */ = {isa = XCBuildConfiguration; buildSettings = {CLANG_ENABLE_MODULES = YES; ENABLE_USER_SCRIPT_SANDBOXING = YES; SWIFT_VERSION = 5.0; }; name = Debug; };
		D4147F9DEB4AD84BF3A14790 /* Release */ = {isa = XCBuildConfiguration; buildSettings = {CLANG_ENABLE_MODULES = YES; ENABLE_USER_SCRIPT_SANDBOXING = YES; SWIFT_VERSION = 5.0; }; name = Release; };
		683105B965893FCC643C4ECF /* Debug */ = {isa = XCBuildConfiguration; buildSettings = {ASSETCATALOG_COMPILER_APPICON_NAME = AppIcon; ASSETCATALOG_COMPILER_GLOBAL_ACCENT_COLOR_NAME = AccentColor; CODE_SIGN_STYLE = Automatic; CURRENT_PROJECT_VERSION = 1; DEVELOPMENT_TEAM = ""; GENERATE_INFOPLIST_FILE = NO; INFOPLIST_FILE = Info.plist; IPHONEOS_DEPLOYMENT_TARGET = 17.0; LD_RUNPATH_SEARCH_PATHS = ("$(inherited)", "@executable_path/Frameworks", ); MARKETING_VERSION = 1.0; PRODUCT_BUNDLE_IDENTIFIER = com.example.HOADriveBy; PRODUCT_NAME = "$(TARGET_NAME)"; SUPPORTED_PLATFORMS = "iphoneos iphonesimulator"; SWIFT_EMIT_LOC_STRINGS = YES; SWIFT_VERSION = 5.0; TARGETED_DEVICE_FAMILY = 1;}; name = Debug; };
		4DC7B479A29173674AFD7BAC /* Release */ = {isa = XCBuildConfiguration; buildSettings = {ASSETCATALOG_COMPILER_APPICON_NAME = AppIcon; ASSETCATALOG_COMPILER_GLOBAL_ACCENT_COLOR_NAME = AccentColor; CODE_SIGN_STYLE = Automatic; CURRENT_PROJECT_VERSION = 1; DEVELOPMENT_TEAM = ""; GENERATE_INFOPLIST_FILE = NO; INFOPLIST_FILE = Info.plist; IPHONEOS_DEPLOYMENT_TARGET = 17.0; LD_RUNPATH_SEARCH_PATHS = ("$(inherited)", "@executable_path/Frameworks", ); MARKETING_VERSION = 1.0; PRODUCT_BUNDLE_IDENTIFIER = com.example.HOADriveBy; PRODUCT_NAME = "$(TARGET_NAME)"; SUPPORTED_PLATFORMS = "iphoneos iphonesimulator"; SWIFT_EMIT_LOC_STRINGS = YES; SWIFT_VERSION = 5.0; TARGETED_DEVICE_FAMILY = 1;}; name = Release; };
/* End XCBuildConfiguration section */

/* Begin XCConfigurationList section */
		BD44C8D3D68438F516D2FB8A /* Build configuration list for PBXProject "HOADriveBy" */ = {isa = XCConfigurationList; buildConfigurations = (71307F56FE0F050CBFE8BD6D /* Debug */, D4147F9DEB4AD84BF3A14790 /* Release */, ); defaultConfigurationIsVisible = 0; defaultConfigurationName = Release; };
		DC4A6C9F34D975359745942D /* Build configuration list for PBXNativeTarget "HOADriveBy" */ = {isa = XCConfigurationList; buildConfigurations = (683105B965893FCC643C4ECF /* Debug */, 4DC7B479A29173674AFD7BAC /* Release */, ); defaultConfigurationIsVisible = 0; defaultConfigurationName = Release; };
/* End XCConfigurationList section */
	};
	rootObject = 46F86FAA6BBF9AC94A7E4595 /* Project object */;
}
